PODS:
  - Base64 (1.1.2)
  - boost-for-react-native (1.63.0)
  - BVLinearGradient (2.5.6):
    - React
  - CodePush (7.0.1):
    - Base64 (~> 1.1)
    - JWT (~> 3.0.0-beta.12)
    - React-Core
    - SSZipArchive (~> 2.2.2)
  - DoubleConversion (1.1.6)
  - FBLazyVector (0.62.3)
  - FBReactNativeSpec (0.62.3):
    - Folly (= 2018.10.22.00)
    - RCTRequired (= 0.62.3)
    - RCTTypeSafety (= 0.62.3)
    - React-Core (= 0.62.3)
    - React-jsi (= 0.62.3)
    - ReactCommon/turbomodule/core (= 0.62.3)
  - Firebase/Analytics (8.0.0):
    - Firebase/Core
  - Firebase/Auth (8.0.0):
    - Firebase/CoreOnly
    - FirebaseAuth (~> 8.0.0)
  - Firebase/Core (8.0.0):
    - Firebase/CoreOnly
    - FirebaseAnalytics (~> 8.0.0)
  - Firebase/CoreOnly (8.0.0):
    - FirebaseCore (= 8.0.0)
  - Firebase/Messaging (8.0.0):
    - Firebase/CoreOnly
    - FirebaseMessaging (~> 8.0.0)
  - FirebaseAnalytics (8.0.0):
    - FirebaseAnalytics/AdIdSupport (= 8.0.0)
    - FirebaseCore (~> 8.0)
    - FirebaseInstallations (~> 8.0)
    - GoogleUtilities/AppDelegateSwizzler (~> 7.4)
    - GoogleUtilities/MethodSwizzler (~> 7.4)
    - GoogleUtilities/Network (~> 7.4)
    - "GoogleUtilities/NSData+zlib (~> 7.4)"
    - nanopb (~> 2.30908.0)
  - FirebaseAnalytics/AdIdSupport (8.0.0):
    - FirebaseAnalytics/Base (= 8.0.0)
    - FirebaseCore (~> 8.0)
    - FirebaseInstallations (~> 8.0)
    - GoogleAppMeasurement (= 8.0.0)
    - GoogleUtilities/AppDelegateSwizzler (~> 7.4)
    - GoogleUtilities/MethodSwizzler (~> 7.4)
    - GoogleUtilities/Network (~> 7.4)
    - "GoogleUtilities/NSData+zlib (~> 7.4)"
    - nanopb (~> 2.30908.0)
  - FirebaseAnalytics/Base (8.0.0):
    - FirebaseCore (~> 8.0)
    - FirebaseInstallations (~> 8.0)
    - GoogleUtilities/AppDelegateSwizzler (~> 7.4)
    - GoogleUtilities/MethodSwizzler (~> 7.4)
    - GoogleUtilities/Network (~> 7.4)
    - "GoogleUtilities/NSData+zlib (~> 7.4)"
    - nanopb (~> 2.30908.0)
  - FirebaseAuth (8.0.0):
    - FirebaseCore (~> 8.0)
    - GoogleUtilities/AppDelegateSwizzler (~> 7.4)
    - GoogleUtilities/Environment (~> 7.4)
    - GTMSessionFetcher/Core (~> 1.5)
  - FirebaseCore (8.0.0):
    - FirebaseCoreDiagnostics (~> 8.0)
    - GoogleUtilities/Environment (~> 7.4)
    - GoogleUtilities/Logger (~> 7.4)
  - FirebaseCoreDiagnostics (8.0.0):
    - GoogleDataTransport (~> 9.0)
    - GoogleUtilities/Environment (~> 7.4)
    - GoogleUtilities/Logger (~> 7.4)
    - nanopb (~> 2.30908.0)
  - FirebaseInstallations (8.0.0):
    - FirebaseCore (~> 8.0)
    - GoogleUtilities/Environment (~> 7.4)
    - GoogleUtilities/UserDefaults (~> 7.4)
    - PromisesObjC (~> 1.2)
  - FirebaseMessaging (8.0.0):
    - FirebaseCore (~> 8.0)
    - FirebaseInstallations (~> 8.0)
    - GoogleUtilities/AppDelegateSwizzler (~> 7.4)
    - GoogleUtilities/Environment (~> 7.4)
    - GoogleUtilities/Reachability (~> 7.4)
    - GoogleUtilities/UserDefaults (~> 7.4)
  - Folly (2018.10.22.00):
    - boost-for-react-native
    - DoubleConversion
    - Folly/Default (= 2018.10.22.00)
    - glog
  - Folly/Default (2018.10.22.00):
    - boost-for-react-native
    - DoubleConversion
    - glog
  - glog (0.3.5)
  - GoogleAppMeasurement (8.0.0):
    - GoogleAppMeasurement/AdIdSupport (= 8.0.0)
    - GoogleUtilities/AppDelegateSwizzler (~> 7.4)
    - GoogleUtilities/MethodSwizzler (~> 7.4)
    - GoogleUtilities/Network (~> 7.4)
    - "GoogleUtilities/NSData+zlib (~> 7.4)"
    - nanopb (~> 2.30908.0)
  - GoogleAppMeasurement/AdIdSupport (8.0.0):
    - GoogleUtilities/AppDelegateSwizzler (~> 7.4)
    - GoogleUtilities/MethodSwizzler (~> 7.4)
    - GoogleUtilities/Network (~> 7.4)
    - "GoogleUtilities/NSData+zlib (~> 7.4)"
    - nanopb (~> 2.30908.0)
  - GoogleDataTransport (9.0.0):
    - GoogleUtilities/Environment (~> 7.2)
    - nanopb (~> 2.30908.0)
    - PromisesObjC (~> 1.2)
  - GoogleUtilities/AppDelegateSwizzler (7.4.1):
    - GoogleUtilities/Environment
    - GoogleUtilities/Logger
    - GoogleUtilities/Network
  - GoogleUtilities/Environment (7.4.1):
    - PromisesObjC (~> 1.2)
  - GoogleUtilities/Logger (7.4.1):
    - GoogleUtilities/Environment
  - GoogleUtilities/MethodSwizzler (7.4.1):
    - GoogleUtilities/Logger
  - GoogleUtilities/Network (7.4.1):
    - GoogleUtilities/Logger
    - "GoogleUtilities/NSData+zlib"
    - GoogleUtilities/Reachability
  - "GoogleUtilities/NSData+zlib (7.4.1)"
  - GoogleUtilities/Reachability (7.4.1):
    - GoogleUtilities/Logger
  - GoogleUtilities/UserDefaults (7.4.1):
    - GoogleUtilities/Logger
  - GTMSessionFetcher/Core (1.6.1)
  - JWT (3.0.0-beta.12):
    - Base64 (~> 1.1.2)
  - libwebp (1.2.0):
    - libwebp/demux (= 1.2.0)
    - libwebp/mux (= 1.2.0)
    - libwebp/webp (= 1.2.0)
  - libwebp/demux (1.2.0):
    - libwebp/webp
  - libwebp/mux (1.2.0):
    - libwebp/demux
  - libwebp/webp (1.2.0)
  - lottie-ios (3.1.9)
  - lottie-react-native (3.5.0):
    - lottie-ios (~> 3.1.8)
    - React
  - nanopb (2.30908.0):
    - nanopb/decode (= 2.30908.0)
    - nanopb/encode (= 2.30908.0)
  - nanopb/decode (2.30908.0)
  - nanopb/encode (2.30908.0)
  - PromisesObjC (1.2.12)
  - RCTRequired (0.62.3)
  - RCTTypeSafety (0.62.3):
    - FBLazyVector (= 0.62.3)
    - Folly (= 2018.10.22.00)
    - RCTRequired (= 0.62.3)
    - React-Core (= 0.62.3)
  - React (0.62.3):
    - React-Core (= 0.62.3)
    - React-Core/DevSupport (= 0.62.3)
    - React-Core/RCTWebSocket (= 0.62.3)
    - React-RCTActionSheet (= 0.62.3)
    - React-RCTAnimation (= 0.62.3)
    - React-RCTBlob (= 0.62.3)
    - React-RCTImage (= 0.62.3)
    - React-RCTLinking (= 0.62.3)
    - React-RCTNetwork (= 0.62.3)
    - React-RCTSettings (= 0.62.3)
    - React-RCTText (= 0.62.3)
    - React-RCTVibration (= 0.62.3)
  - React-Core (0.62.3):
    - Folly (= 2018.10.22.00)
    - glog
    - React-Core/Default (= 0.62.3)
    - React-cxxreact (= 0.62.3)
    - React-jsi (= 0.62.3)
    - React-jsiexecutor (= 0.62.3)
    - Yoga
  - React-Core/CoreModulesHeaders (0.62.3):
    - Folly (= 2018.10.22.00)
    - glog
    - React-Core/Default
    - React-cxxreact (= 0.62.3)
    - React-jsi (= 0.62.3)
    - React-jsiexecutor (= 0.62.3)
    - Yoga
  - React-Core/Default (0.62.3):
    - Folly (= 2018.10.22.00)
    - glog
    - React-cxxreact (= 0.62.3)
    - React-jsi (= 0.62.3)
    - React-jsiexecutor (= 0.62.3)
    - Yoga
  - React-Core/DevSupport (0.62.3):
    - Folly (= 2018.10.22.00)
    - glog
    - React-Core/Default (= 0.62.3)
    - React-Core/RCTWebSocket (= 0.62.3)
    - React-cxxreact (= 0.62.3)
    - React-jsi (= 0.62.3)
    - React-jsiexecutor (= 0.62.3)
    - React-jsinspector (= 0.62.3)
    - Yoga
  - React-Core/RCTActionSheetHeaders (0.62.3):
    - Folly (= 2018.10.22.00)
    - glog
    - React-Core/Default
    - React-cxxreact (= 0.62.3)
    - React-jsi (= 0.62.3)
    - React-jsiexecutor (= 0.62.3)
    - Yoga
  - React-Core/RCTAnimationHeaders (0.62.3):
    - Folly (= 2018.10.22.00)
    - glog
    - React-Core/Default
    - React-cxxreact (= 0.62.3)
    - React-jsi (= 0.62.3)
    - React-jsiexecutor (= 0.62.3)
    - Yoga
  - React-Core/RCTBlobHeaders (0.62.3):
    - Folly (= 2018.10.22.00)
    - glog
    - React-Core/Default
    - React-cxxreact (= 0.62.3)
    - React-jsi (= 0.62.3)
    - React-jsiexecutor (= 0.62.3)
    - Yoga
  - React-Core/RCTImageHeaders (0.62.3):
    - Folly (= 2018.10.22.00)
    - glog
    - React-Core/Default
    - React-cxxreact (= 0.62.3)
    - React-jsi (= 0.62.3)
    - React-jsiexecutor (= 0.62.3)
    - Yoga
  - React-Core/RCTLinkingHeaders (0.62.3):
    - Folly (= 2018.10.22.00)
    - glog
    - React-Core/Default
    - React-cxxreact (= 0.62.3)
    - React-jsi (= 0.62.3)
    - React-jsiexecutor (= 0.62.3)
    - Yoga
  - React-Core/RCTNetworkHeaders (0.62.3):
    - Folly (= 2018.10.22.00)
    - glog
    - React-Core/Default
    - React-cxxreact (= 0.62.3)
    - React-jsi (= 0.62.3)
    - React-jsiexecutor (= 0.62.3)
    - Yoga
  - React-Core/RCTSettingsHeaders (0.62.3):
    - Folly (= 2018.10.22.00)
    - glog
    - React-Core/Default
    - React-cxxreact (= 0.62.3)
    - React-jsi (= 0.62.3)
    - React-jsiexecutor (= 0.62.3)
    - Yoga
  - React-Core/RCTTextHeaders (0.62.3):
    - Folly (= 2018.10.22.00)
    - glog
    - React-Core/Default
    - React-cxxreact (= 0.62.3)
    - React-jsi (= 0.62.3)
    - React-jsiexecutor (= 0.62.3)
    - Yoga
  - React-Core/RCTVibrationHeaders (0.62.3):
    - Folly (= 2018.10.22.00)
    - glog
    - React-Core/Default
    - React-cxxreact (= 0.62.3)
    - React-jsi (= 0.62.3)
    - React-jsiexecutor (= 0.62.3)
    - Yoga
  - React-Core/RCTWebSocket (0.62.3):
    - Folly (= 2018.10.22.00)
    - glog
    - React-Core/Default (= 0.62.3)
    - React-cxxreact (= 0.62.3)
    - React-jsi (= 0.62.3)
    - React-jsiexecutor (= 0.62.3)
    - Yoga
  - React-CoreModules (0.62.3):
    - FBReactNativeSpec (= 0.62.3)
    - Folly (= 2018.10.22.00)
    - RCTTypeSafety (= 0.62.3)
    - React-Core/CoreModulesHeaders (= 0.62.3)
    - React-RCTImage (= 0.62.3)
    - ReactCommon/turbomodule/core (= 0.62.3)
  - React-cxxreact (0.62.3):
    - boost-for-react-native (= 1.63.0)
    - DoubleConversion
    - Folly (= 2018.10.22.00)
    - glog
    - React-jsinspector (= 0.62.3)
  - React-jsi (0.62.3):
    - boost-for-react-native (= 1.63.0)
    - DoubleConversion
    - Folly (= 2018.10.22.00)
    - glog
    - React-jsi/Default (= 0.62.3)
  - React-jsi/Default (0.62.3):
    - boost-for-react-native (= 1.63.0)
    - DoubleConversion
    - Folly (= 2018.10.22.00)
    - glog
  - React-jsiexecutor (0.62.3):
    - DoubleConversion
    - Folly (= 2018.10.22.00)
    - glog
    - React-cxxreact (= 0.62.3)
    - React-jsi (= 0.62.3)
  - React-jsinspector (0.62.3)
  - react-native-contacts (7.0.0):
    - React-Core
  - react-native-geolocation-service (5.3.0-beta.1):
    - React
  - react-native-netinfo (6.0.0):
    - React-Core
  - react-native-safe-area-context (0.7.3):
    - React
  - react-native-simple-toast (1.1.3):
    - React-Core
    - Toast (~> 4.0.0)
  - react-native-version-check (3.4.2):
    - React
  - react-native-webview (11.4.5):
    - React-Core
  - React-RCTActionSheet (0.62.3):
    - React-Core/RCTActionSheetHeaders (= 0.62.3)
  - React-RCTAnimation (0.62.3):
    - FBReactNativeSpec (= 0.62.3)
    - Folly (= 2018.10.22.00)
    - RCTTypeSafety (= 0.62.3)
    - React-Core/RCTAnimationHeaders (= 0.62.3)
    - ReactCommon/turbomodule/core (= 0.62.3)
  - React-RCTBlob (0.62.3):
    - FBReactNativeSpec (= 0.62.3)
    - Folly (= 2018.10.22.00)
    - React-Core/RCTBlobHeaders (= 0.62.3)
    - React-Core/RCTWebSocket (= 0.62.3)
    - React-jsi (= 0.62.3)
    - React-RCTNetwork (= 0.62.3)
    - ReactCommon/turbomodule/core (= 0.62.3)
  - React-RCTImage (0.62.3):
    - FBReactNativeSpec (= 0.62.3)
    - Folly (= 2018.10.22.00)
    - RCTTypeSafety (= 0.62.3)
    - React-Core/RCTImageHeaders (= 0.62.3)
    - React-RCTNetwork (= 0.62.3)
    - ReactCommon/turbomodule/core (= 0.62.3)
  - React-RCTLinking (0.62.3):
    - FBReactNativeSpec (= 0.62.3)
    - React-Core/RCTLinkingHeaders (= 0.62.3)
    - ReactCommon/turbomodule/core (= 0.62.3)
  - React-RCTNetwork (0.62.3):
    - FBReactNativeSpec (= 0.62.3)
    - Folly (= 2018.10.22.00)
    - RCTTypeSafety (= 0.62.3)
    - React-Core/RCTNetworkHeaders (= 0.62.3)
    - ReactCommon/turbomodule/core (= 0.62.3)
  - React-RCTSettings (0.62.3):
    - FBReactNativeSpec (= 0.62.3)
    - Folly (= 2018.10.22.00)
    - RCTTypeSafety (= 0.62.3)
    - React-Core/RCTSettingsHeaders (= 0.62.3)
    - ReactCommon/turbomodule/core (= 0.62.3)
  - React-RCTText (0.62.3):
    - React-Core/RCTTextHeaders (= 0.62.3)
  - React-RCTVibration (0.62.3):
    - FBReactNativeSpec (= 0.62.3)
    - Folly (= 2018.10.22.00)
    - React-Core/RCTVibrationHeaders (= 0.62.3)
    - ReactCommon/turbomodule/core (= 0.62.3)
  - ReactCommon/callinvoker (0.62.3):
    - DoubleConversion
    - Folly (= 2018.10.22.00)
    - glog
    - React-cxxreact (= 0.62.3)
  - ReactCommon/turbomodule/core (0.62.3):
    - DoubleConversion
    - Folly (= 2018.10.22.00)
    - glog
    - React-Core (= 0.62.3)
    - React-cxxreact (= 0.62.3)
    - React-jsi (= 0.62.3)
    - ReactCommon/callinvoker (= 0.62.3)
  - RNCAsyncStorage (1.12.1):
    - React-Core
  - RNCClipboard (1.7.0):
    - React-Core
  - RNCMaskedView (0.1.11):
    - React
  - RNDateTimePicker (3.5.0):
    - React-Core
  - RNFastImage (8.3.4):
    - React-Core
    - SDWebImage (~> 5.8)
    - SDWebImageWebPCoder (~> 0.6.1)
  - RNFBAnalytics (12.0.0):
    - Firebase/Analytics (= 8.0.0)
    - React-Core
    - RNFBApp
  - RNFBApp (12.0.0):
    - Firebase/CoreOnly (= 8.0.0)
    - React-Core
  - RNFBAuth (12.1.0):
    - Firebase/Auth (= 8.0.0)
    - React-Core
    - RNFBApp
  - RNFBMessaging (12.0.0):
    - Firebase/Messaging (= 8.0.0)
    - React-Core
    - RNFBApp
  - RNGestureHandler (1.10.3):
    - React-Core
  - RNReanimated (1.13.3):
    - React-Core
  - RNScreens (2.18.1):
    - React-Core
  - RNShare (6.2.1):
    - React-Core
  - RNSVG (12.1.1):
    - React
  - RNVectorIcons (6.7.0):
    - React
  - SDWebImage (5.11.1):
    - SDWebImage/Core (= 5.11.1)
  - SDWebImage/Core (5.11.1)
  - SDWebImageWebPCoder (0.6.1):
    - libwebp (~> 1.0)
    - SDWebImage/Core (~> 5.7)
  - SSZipArchive (2.2.3)
  - Toast (4.0.0)
  - toolbar-android (0.1.0-rc.2):
    - React
  - Yoga (1.14.0)

DEPENDENCIES:
  - BVLinearGradient (from `../node_modules/react-native-linear-gradient`)
  - CodePush (from `../node_modules/react-native-code-push`)
  - DoubleConversion (from `../node_modules/react-native/third-party-podspecs/DoubleConversion.podspec`)
  - FBLazyVector (from `../node_modules/react-native/Libraries/FBLazyVector`)
  - FBReactNativeSpec (from `../node_modules/react-native/Libraries/FBReactNativeSpec`)
  - Folly (from `../node_modules/react-native/third-party-podspecs/Folly.podspec`)
  - glog (from `../node_modules/react-native/third-party-podspecs/glog.podspec`)
  - lottie-react-native (from `../node_modules/lottie-react-native`)
  - RCTRequired (from `../node_modules/react-native/Libraries/RCTRequired`)
  - RCTTypeSafety (from `../node_modules/react-native/Libraries/TypeSafety`)
  - React (from `../node_modules/react-native/`)
  - React-Core (from `../node_modules/react-native/`)
  - React-Core/DevSupport (from `../node_modules/react-native/`)
  - React-Core/RCTWebSocket (from `../node_modules/react-native/`)
  - React-CoreModules (from `../node_modules/react-native/React/CoreModules`)
  - React-cxxreact (from `../node_modules/react-native/ReactCommon/cxxreact`)
  - React-jsi (from `../node_modules/react-native/ReactCommon/jsi`)
  - React-jsiexecutor (from `../node_modules/react-native/ReactCommon/jsiexecutor`)
  - React-jsinspector (from `../node_modules/react-native/ReactCommon/jsinspector`)
  - react-native-contacts (from `../node_modules/react-native-contacts`)
  - react-native-geolocation-service (from `../node_modules/react-native-geolocation-service`)
  - "react-native-netinfo (from `../node_modules/@react-native-community/netinfo`)"
  - react-native-safe-area-context (from `../node_modules/react-native-safe-area-context`)
  - react-native-simple-toast (from `../node_modules/react-native-simple-toast`)
  - react-native-version-check (from `../node_modules/react-native-version-check`)
  - react-native-webview (from `../node_modules/react-native-webview`)
  - React-RCTActionSheet (from `../node_modules/react-native/Libraries/ActionSheetIOS`)
  - React-RCTAnimation (from `../node_modules/react-native/Libraries/NativeAnimation`)
  - React-RCTBlob (from `../node_modules/react-native/Libraries/Blob`)
  - React-RCTImage (from `../node_modules/react-native/Libraries/Image`)
  - React-RCTLinking (from `../node_modules/react-native/Libraries/LinkingIOS`)
  - React-RCTNetwork (from `../node_modules/react-native/Libraries/Network`)
  - React-RCTSettings (from `../node_modules/react-native/Libraries/Settings`)
  - React-RCTText (from `../node_modules/react-native/Libraries/Text`)
  - React-RCTVibration (from `../node_modules/react-native/Libraries/Vibration`)
  - ReactCommon/callinvoker (from `../node_modules/react-native/ReactCommon`)
  - ReactCommon/turbomodule/core (from `../node_modules/react-native/ReactCommon`)
  - "RNCAsyncStorage (from `../node_modules/@react-native-community/async-storage`)"
  - "RNCClipboard (from `../node_modules/@react-native-clipboard/clipboard`)"
  - "RNCMaskedView (from `../node_modules/@react-native-community/masked-view`)"
  - "RNDateTimePicker (from `../node_modules/@react-native-community/datetimepicker`)"
  - RNFastImage (from `../node_modules/react-native-fast-image`)
  - "RNFBAnalytics (from `../node_modules/@react-native-firebase/analytics`)"
  - "RNFBApp (from `../node_modules/@react-native-firebase/app`)"
  - "RNFBAuth (from `../node_modules/@react-native-firebase/auth`)"
  - "RNFBMessaging (from `../node_modules/@react-native-firebase/messaging`)"
  - RNGestureHandler (from `../node_modules/react-native-gesture-handler`)
  - RNReanimated (from `../node_modules/react-native-reanimated`)
  - RNScreens (from `../node_modules/react-native-screens`)
  - RNShare (from `../node_modules/react-native-share`)
  - RNSVG (from `../node_modules/react-native-svg`)
  - RNVectorIcons (from `../node_modules/react-native-vector-icons`)
  - "toolbar-android (from `../node_modules/@react-native-community/toolbar-android`)"
  - Yoga (from `../node_modules/react-native/ReactCommon/yoga`)

SPEC REPOS:
  trunk:
    - Base64
    - boost-for-react-native
    - Firebase
    - FirebaseAnalytics
    - FirebaseAuth
    - FirebaseCore
    - FirebaseCoreDiagnostics
    - FirebaseInstallations
    - FirebaseMessaging
    - GoogleAppMeasurement
    - GoogleDataTransport
    - GoogleUtilities
    - GTMSessionFetcher
    - JWT
    - libwebp
    - lottie-ios
    - nanopb
    - PromisesObjC
    - SDWebImage
    - SDWebImageWebPCoder
    - SSZipArchive
    - Toast

EXTERNAL SOURCES:
  BVLinearGradient:
    :path: "../node_modules/react-native-linear-gradient"
  CodePush:
    :path: "../node_modules/react-native-code-push"
  DoubleConversion:
    :podspec: "../node_modules/react-native/third-party-podspecs/DoubleConversion.podspec"
  FBLazyVector:
    :path: "../node_modules/react-native/Libraries/FBLazyVector"
  FBReactNativeSpec:
    :path: "../node_modules/react-native/Libraries/FBReactNativeSpec"
  Folly:
    :podspec: "../node_modules/react-native/third-party-podspecs/Folly.podspec"
  glog:
    :podspec: "../node_modules/react-native/third-party-podspecs/glog.podspec"
  lottie-react-native:
    :path: "../node_modules/lottie-react-native"
  RCTRequired:
    :path: "../node_modules/react-native/Libraries/RCTRequired"
  RCTTypeSafety:
    :path: "../node_modules/react-native/Libraries/TypeSafety"
  React:
    :path: "../node_modules/react-native/"
  React-Core:
    :path: "../node_modules/react-native/"
  React-CoreModules:
    :path: "../node_modules/react-native/React/CoreModules"
  React-cxxreact:
    :path: "../node_modules/react-native/ReactCommon/cxxreact"
  React-jsi:
    :path: "../node_modules/react-native/ReactCommon/jsi"
  React-jsiexecutor:
    :path: "../node_modules/react-native/ReactCommon/jsiexecutor"
  React-jsinspector:
    :path: "../node_modules/react-native/ReactCommon/jsinspector"
  react-native-contacts:
    :path: "../node_modules/react-native-contacts"
  react-native-geolocation-service:
    :path: "../node_modules/react-native-geolocation-service"
  react-native-netinfo:
    :path: "../node_modules/@react-native-community/netinfo"
  react-native-safe-area-context:
    :path: "../node_modules/react-native-safe-area-context"
  react-native-simple-toast:
    :path: "../node_modules/react-native-simple-toast"
  react-native-version-check:
    :path: "../node_modules/react-native-version-check"
  react-native-webview:
    :path: "../node_modules/react-native-webview"
  React-RCTActionSheet:
    :path: "../node_modules/react-native/Libraries/ActionSheetIOS"
  React-RCTAnimation:
    :path: "../node_modules/react-native/Libraries/NativeAnimation"
  React-RCTBlob:
    :path: "../node_modules/react-native/Libraries/Blob"
  React-RCTImage:
    :path: "../node_modules/react-native/Libraries/Image"
  React-RCTLinking:
    :path: "../node_modules/react-native/Libraries/LinkingIOS"
  React-RCTNetwork:
    :path: "../node_modules/react-native/Libraries/Network"
  React-RCTSettings:
    :path: "../node_modules/react-native/Libraries/Settings"
  React-RCTText:
    :path: "../node_modules/react-native/Libraries/Text"
  React-RCTVibration:
    :path: "../node_modules/react-native/Libraries/Vibration"
  ReactCommon:
    :path: "../node_modules/react-native/ReactCommon"
  RNCAsyncStorage:
    :path: "../node_modules/@react-native-community/async-storage"
  RNCClipboard:
    :path: "../node_modules/@react-native-clipboard/clipboard"
  RNCMaskedView:
    :path: "../node_modules/@react-native-community/masked-view"
  RNDateTimePicker:
    :path: "../node_modules/@react-native-community/datetimepicker"
  RNFastImage:
    :path: "../node_modules/react-native-fast-image"
  RNFBAnalytics:
    :path: "../node_modules/@react-native-firebase/analytics"
  RNFBApp:
    :path: "../node_modules/@react-native-firebase/app"
  RNFBAuth:
    :path: "../node_modules/@react-native-firebase/auth"
  RNFBMessaging:
    :path: "../node_modules/@react-native-firebase/messaging"
  RNGestureHandler:
    :path: "../node_modules/react-native-gesture-handler"
  RNReanimated:
    :path: "../node_modules/react-native-reanimated"
  RNScreens:
    :path: "../node_modules/react-native-screens"
  RNShare:
    :path: "../node_modules/react-native-share"
  RNSVG:
    :path: "../node_modules/react-native-svg"
  RNVectorIcons:
    :path: "../node_modules/react-native-vector-icons"
  toolbar-android:
    :path: "../node_modules/@react-native-community/toolbar-android"
  Yoga:
    :path: "../node_modules/react-native/ReactCommon/yoga"

SPEC CHECKSUMS:
  Base64: cecfb41a004124895a7bcee567a89bae5a89d49b
  boost-for-react-native: 39c7adb57c4e60d6c5479dd8623128eb5b3f0f2c
  BVLinearGradient: e3aad03778a456d77928f594a649e96995f1c872
  CodePush: 9bb93f52a44ee80b72739d89dead9c7e86c3bd3a
  DoubleConversion: 5805e889d232975c086db112ece9ed034df7a0b2
  FBLazyVector: a93c5eef764b16789fa7875aac4e09119e806ad4
  FBReactNativeSpec: 587095d51601d15e04d21658df4bb7f030d0e7e1
  Firebase: 73c3e3b216ec1ecbc54d2ffdd4670c65c749edb1
  FirebaseAnalytics: dcb92c7c9ef4fa7ffac276e8f87bd4fc8c97f1b8
  FirebaseAuth: b8cd992fca5b53dc6eec09e873a3f375f000c5a1
  FirebaseCore: 3f09591d51292843e2a46f18358d60bf4e996255
  FirebaseCoreDiagnostics: a31d987ba0fe16d59886a5dbadc2f1de871f88c8
  FirebaseInstallations: c4aab1005d6547b00a7529777fe52f5d4d45165b
  FirebaseMessaging: 1a33b4af3c8042ed6ddacb6c031894af2064bfab
  Folly: 30e7936e1c45c08d884aa59369ed951a8e68cf51
  glog: 1f3da668190260b06b429bb211bfbee5cd790c28
  GoogleAppMeasurement: c6bbc9753d046b5456dd4f940057fbad2c28419e
  GoogleDataTransport: 11e3a5f2c190327df1a4a5d7e7ae3d4d5b9c9e4c
  GoogleUtilities: f8a43108b38a68eebe8b3540e1f4f2d28843ce20
  GTMSessionFetcher: 36689134877faeb055b27dfa4ccc9ceaa42e029e
  JWT: 9b5c05abbcc1a0e69c3c91e1655b3387fc7e581d
  libwebp: e90b9c01d99205d03b6bb8f2c8c415e5a4ef66f0
  lottie-ios: 3a3758ef5a008e762faec9c9d50a39842f26d124
  lottie-react-native: 1fb4ce21d6ad37dab8343eaff8719df76035bd93
  nanopb: a0ba3315591a9ae0a16a309ee504766e90db0c96
  PromisesObjC: 3113f7f76903778cf4a0586bd1ab89329a0b7b97
  RCTRequired: c689bd96375408b455d1cda431d76e8226f6c726
  RCTTypeSafety: 9c1123190d064e9077e4dba96d51b93d10e0a8a5
  React: 1618bf33d410e5c30e313341fad837d7a82ae75e
  React-Core: 033265923ba9f8d3aff2a01465656d733763cf3d
  React-CoreModules: 6b34e0e134014a7fb03c0c7b4f9832d90d8cbfec
  React-cxxreact: f2e92695b9f589b282aa32600764c3360cfbada4
  React-jsi: ef7ed91688be7e01bc78080062b428ce1bcd79d0
  React-jsiexecutor: d664a436303eb2cf9919df250f40ce5cf5e99fbe
  React-jsinspector: 74f6ea8f9d38ff44cc8f9867b2ecc9130d6cc2e5
  react-native-contacts: 493b583e87eb9cb1ab09268e89e526baf1a7cb30
  react-native-geolocation-service: 4030de78cdeb93ebef1fdc1971668bea6c0bc59b
  react-native-netinfo: e849fc21ca2f4128a5726c801a82fc6f4a6db50d
  react-native-safe-area-context: e200d4433aba6b7e60b52da5f37af11f7a0b0392
  react-native-simple-toast: bf002828cf816775a6809f7a9ec3907509bce11f
  react-native-version-check: d8b8900e6ce03ae1568cb22ef9451f2508188883
  react-native-webview: 6d1d368c38edcc0a074bcc51a94ec8de700c241e
  React-RCTActionSheet: abb6e20cdc3710d3442d735cdb2c641a5597f35d
  React-RCTAnimation: cacf34437277ae266c95896f40eb4e7604017132
  React-RCTBlob: ab3a193130b61816f8f3807941087873bfd5e8a4
  React-RCTImage: 52e151112199cc145107bb457e1df70ada999e40
  React-RCTLinking: 9ef27375004b7a3a2194f042f50d7c17dc92b91a
  React-RCTNetwork: 5057bcebafde579a78fcf477e19beef2a461b375
  React-RCTSettings: 5f6ec67d0d61c3d12f116b9314c4f3bcaf3e43df
  React-RCTText: fc8aaead300090f23dd0974545d75e3c43883922
  React-RCTVibration: 36a70f1015574284fa6770993c1e83a1f85dbabc
  ReactCommon: 3ea86417fa6e432b500579df40b057df54cfb4d4
  RNCAsyncStorage: b03032fdbdb725bea0bd9e5ec5a7272865ae7398
  RNCClipboard: 245417a78ab585e0d4d83926c28907e7b2bc24bd
  RNCMaskedView: 0e1bc4bfa8365eba5fbbb71e07fbdc0555249489
  RNDateTimePicker: d4f276aabaf26386bb4dca86e8c92087e7151ba0
  RNFastImage: d4870d58f5936111c56218dbd7fcfc18e65b58ff
  RNFBAnalytics: 00bbed9c37ce2d2e132de9a17b5990800cc69c4a
  RNFBApp: cc2ff3f925840c53f0117d92e0f5e269b356d0f7
  RNFBAuth: 584f61e9cb3a5686e50e2e148f5ea3a0a47a1b60
  RNFBMessaging: ba11538f4d76a5ef89dc8c97dad04fbf2fa6ebef
  RNGestureHandler: a479ebd5ed4221a810967000735517df0d2db211
  RNReanimated: 514a11da3a2bcc6c3dfd9de32b38e2b9bf101926
  RNScreens: f7ad633b2e0190b77b6a7aab7f914fad6f198d8d
  RNShare: 5ac8f6532ca4cd80fc71caef1cfbba1854a6a045
  RNSVG: 551acb6562324b1d52a4e0758f7ca0ec234e278f
  RNVectorIcons: 368d6d8b8301224e5ffb6254191f4f8876c2be0d
  SDWebImage: a7f831e1a65eb5e285e3fb046a23fcfbf08e696d
  SDWebImageWebPCoder: d0dac55073088d24b2ac1b191a71a8f8d0adac21
  SSZipArchive: 62d4947b08730e4cda640473b0066d209ff033c9
  Toast: 91b396c56ee72a5790816f40d3a94dd357abc196
  toolbar-android: 85f3ef4d691469f2d304e7dee4bca013aa1ba1ff
  Yoga: b5db822228963b87948afa7a5a531088607151dc

PODFILE CHECKSUM: fcbd2f3a4465d28b2dbcf24bc7dfa7b15dce80a2

COCOAPODS: 1.10.1
